
Microsoft Visual Studio Solution File, Format Version 12.00
# Visual Studio Version 16
VisualStudioVersion = 16.0.28711.60
MinimumVisualStudioVersion = 10.0.40219.1
Project("{2150E333-8FDC-42A3-9474-1A3956D46DE8}") = "_cConsoleApp", "_cConsoleApp", "{2991261B-32BF-4715-85BB-45863DDC20D5}"
EndProject
Project("{2150E333-8FDC-42A3-9474-1A3956D46DE8}") = "_xTrashProject", "_xTrashProject", "{15FA6A43-F447-4C73-9216-B11E0720BBED}"
EndProject
Project("{FAE04EC0-301F-11D3-BF4B-00C04F79EFBC}") = "NodDownloadConsoleApp", "_cConsoleApp\NodDownloadConsoleApp\NodDownloadConsoleApp.csproj", "{A51F71D2-DD78-4DAA-80DE-3D05DAA78CD1}"
EndProject
Project("{FAE04EC0-301F-11D3-BF4B-00C04F79EFBC}") = "AllClass", "_xTrashProject\AllClass\AllClass.csproj", "{84B5BD1E-49CE-4ACD-A162-4260C887B0C3}"
EndProject
Project("{FAE04EC0-301F-11D3-BF4B-00C04F79EFBC}") = "ConfigClassLib", "_xTrashProject\ConfigClassLib\ConfigClassLib.csproj", "{A237961B-BFAD-4EDC-A535-F8D49AFB6E51}"
EndProject
Project("{FAE04EC0-301F-11D3-BF4B-00C04F79EFBC}") = "ConfigWindowsForms", "_xTrashProject\ConfigWindowsForms\ConfigWindowsForms.csproj", "{FBE29C33-8900-4C1A-9F5B-EF4D92C6D3E8}"
EndProject
Project("{FAE04EC0-301F-11D3-BF4B-00C04F79EFBC}") = "ConfigWindowsFormsControlLib", "_xTrashProject\ConfigWindowsFormsControlLib\ConfigWindowsFormsControlLib.csproj", "{4B6B473A-AD27-4FA1-9751-CAE838DA6855}"
EndProject
Project("{9A19103F-16F7-4668-BE54-9A1E7A4F7556}") = "Lib_DownloadsFileFromUri", "_xTrashProject\Lib_DownloadsFileFromUri\Lib_DownloadsFileFromUri.csproj", "{89E1603B-456E-45CE-95D0-9C6B21A53F19}"
EndProject
Project("{FAE04EC0-301F-11D3-BF4B-00C04F79EFBC}") = "NodUpdater", "_xTrashProject\NodUpdater\NodUpdater.csproj", "{F97684FF-1E39-4C7A-B51C-A0175E70EAC4}"
EndProject
Project("{9A19103F-16F7-4668-BE54-9A1E7A4F7556}") = "Nup_ConsoleDownloadsFiles", "_xTrashProject\Nup_ConsoleDownloadsFiles\Nup_ConsoleDownloadsFiles.csproj", "{CE0A34AC-4000-4EC1-9194-EE83D7B807BF}"
EndProject
Project("{9A19103F-16F7-4668-BE54-9A1E7A4F7556}") = "Nup_DLoadFiles", "_xTrashProject\Nup_DLoadFiles\Nup_DLoadFiles.csproj", "{5E84DBB2-31EA-44FB-BB38-AFAF8170A069}"
EndProject
Project("{FAE04EC0-301F-11D3-BF4B-00C04F79EFBC}") = "Lib_GetUriDonload", "_cConsoleApp\Lib_GetUriDonload\Lib_GetUriDonload.csproj", "{A991CAEB-5562-4399-8C10-4EEAC4BBBB5D}"
EndProject
Global
	GlobalSection(SolutionConfigurationPlatforms) = preSolution
		Debug|Any CPU = Debug|Any CPU
		Release|Any CPU = Release|Any CPU
	EndGlobalSection
	GlobalSection(ProjectConfigurationPlatforms) = postSolution
		{A51F71D2-DD78-4DAA-80DE-3D05DAA78CD1}.Debug|Any CPU.ActiveCfg = Debug|Any CPU
		{A51F71D2-DD78-4DAA-80DE-3D05DAA78CD1}.Debug|Any CPU.Build.0 = Debug|Any CPU
		{A51F71D2-DD78-4DAA-80DE-3D05DAA78CD1}.Release|Any CPU.ActiveCfg = Release|Any CPU
		{A51F71D2-DD78-4DAA-80DE-3D05DAA78CD1}.Release|Any CPU.Build.0 = Release|Any CPU
		{84B5BD1E-49CE-4ACD-A162-4260C887B0C3}.Debug|Any CPU.ActiveCfg = Debug|Any CPU
		{84B5BD1E-49CE-4ACD-A162-4260C887B0C3}.Debug|Any CPU.Build.0 = Debug|Any CPU
		{84B5BD1E-49CE-4ACD-A162-4260C887B0C3}.Release|Any CPU.ActiveCfg = Release|Any CPU
		{84B5BD1E-49CE-4ACD-A162-4260C887B0C3}.Release|Any CPU.Build.0 = Release|Any CPU
		{A237961B-BFAD-4EDC-A535-F8D49AFB6E51}.Debug|Any CPU.ActiveCfg = Debug|Any CPU
		{A237961B-BFAD-4EDC-A535-F8D49AFB6E51}.Debug|Any CPU.Build.0 = Debug|Any CPU
		{A237961B-BFAD-4EDC-A535-F8D49AFB6E51}.Release|Any CPU.ActiveCfg = Release|Any CPU
		{A237961B-BFAD-4EDC-A535-F8D49AFB6E51}.Release|Any CPU.Build.0 = Release|Any CPU
		{FBE29C33-8900-4C1A-9F5B-EF4D92C6D3E8}.Debug|Any CPU.ActiveCfg = Debug|Any CPU
		{FBE29C33-8900-4C1A-9F5B-EF4D92C6D3E8}.Debug|Any CPU.Build.0 = Debug|Any CPU
		{FBE29C33-8900-4C1A-9F5B-EF4D92C6D3E8}.Release|Any CPU.ActiveCfg = Release|Any CPU
		{FBE29C33-8900-4C1A-9F5B-EF4D92C6D3E8}.Release|Any CPU.Build.0 = Release|Any CPU
		{4B6B473A-AD27-4FA1-9751-CAE838DA6855}.Debug|Any CPU.ActiveCfg = Debug|Any CPU
		{4B6B473A-AD27-4FA1-9751-CAE838DA6855}.Debug|Any CPU.Build.0 = Debug|Any CPU
		{4B6B473A-AD27-4FA1-9751-CAE838DA6855}.Release|Any CPU.ActiveCfg = Release|Any CPU
		{4B6B473A-AD27-4FA1-9751-CAE838DA6855}.Release|Any CPU.Build.0 = Release|Any CPU
		{89E1603B-456E-45CE-95D0-9C6B21A53F19}.Debug|Any CPU.ActiveCfg = Debug|Any CPU
		{89E1603B-456E-45CE-95D0-9C6B21A53F19}.Debug|Any CPU.Build.0 = Debug|Any CPU
		{89E1603B-456E-45CE-95D0-9C6B21A53F19}.Release|Any CPU.ActiveCfg = Release|Any CPU
		{89E1603B-456E-45CE-95D0-9C6B21A53F19}.Release|Any CPU.Build.0 = Release|Any CPU
		{F97684FF-1E39-4C7A-B51C-A0175E70EAC4}.Debug|Any CPU.ActiveCfg = Debug|Any CPU
		{F97684FF-1E39-4C7A-B51C-A0175E70EAC4}.Debug|Any CPU.Build.0 = Debug|Any CPU
		{F97684FF-1E39-4C7A-B51C-A0175E70EAC4}.Release|Any CPU.ActiveCfg = Release|Any CPU
		{F97684FF-1E39-4C7A-B51C-A0175E70EAC4}.Release|Any CPU.Build.0 = Release|Any CPU
		{CE0A34AC-4000-4EC1-9194-EE83D7B807BF}.Debug|Any CPU.ActiveCfg = Debug|Any CPU
		{CE0A34AC-4000-4EC1-9194-EE83D7B807BF}.Debug|Any CPU.Build.0 = Debug|Any CPU
		{CE0A34AC-4000-4EC1-9194-EE83D7B807BF}.Release|Any CPU.ActiveCfg = Release|Any CPU
		{CE0A34AC-4000-4EC1-9194-EE83D7B807BF}.Release|Any CPU.Build.0 = Release|Any CPU
		{5E84DBB2-31EA-44FB-BB38-AFAF8170A069}.Debug|Any CPU.ActiveCfg = Debug|Any CPU
		{5E84DBB2-31EA-44FB-BB38-AFAF8170A069}.Debug|Any CPU.Build.0 = Debug|Any CPU
		{5E84DBB2-31EA-44FB-BB38-AFAF8170A069}.Release|Any CPU.ActiveCfg = Release|Any CPU
		{5E84DBB2-31EA-44FB-BB38-AFAF8170A069}.Release|Any CPU.Build.0 = Release|Any CPU
		{A991CAEB-5562-4399-8C10-4EEAC4BBBB5D}.Debug|Any CPU.ActiveCfg = Debug|Any CPU
		{A991CAEB-5562-4399-8C10-4EEAC4BBBB5D}.Debug|Any CPU.Build.0 = Debug|Any CPU
		{A991CAEB-5562-4399-8C10-4EEAC4BBBB5D}.Release|Any CPU.ActiveCfg = Release|Any CPU
		{A991CAEB-5562-4399-8C10-4EEAC4BBBB5D}.Release|Any CPU.Build.0 = Release|Any CPU
	EndGlobalSection
	GlobalSection(SolutionProperties) = preSolution
		HideSolutionNode = FALSE
	EndGlobalSection
	GlobalSection(NestedProjects) = preSolution
		{A51F71D2-DD78-4DAA-80DE-3D05DAA78CD1} = {2991261B-32BF-4715-85BB-45863DDC20D5}
		{84B5BD1E-49CE-4ACD-A162-4260C887B0C3} = {15FA6A43-F447-4C73-9216-B11E0720BBED}
		{A237961B-BFAD-4EDC-A535-F8D49AFB6E51} = {15FA6A43-F447-4C73-9216-B11E0720BBED}
		{FBE29C33-8900-4C1A-9F5B-EF4D92C6D3E8} = {15FA6A43-F447-4C73-9216-B11E0720BBED}
		{4B6B473A-AD27-4FA1-9751-CAE838DA6855} = {15FA6A43-F447-4C73-9216-B11E0720BBED}
		{89E1603B-456E-45CE-95D0-9C6B21A53F19} = {15FA6A43-F447-4C73-9216-B11E0720BBED}
		{F97684FF-1E39-4C7A-B51C-A0175E70EAC4} = {15FA6A43-F447-4C73-9216-B11E0720BBED}
		{CE0A34AC-4000-4EC1-9194-EE83D7B807BF} = {15FA6A43-F447-4C73-9216-B11E0720BBED}
		{5E84DBB2-31EA-44FB-BB38-AFAF8170A069} = {15FA6A43-F447-4C73-9216-B11E0720BBED}
		{A991CAEB-5562-4399-8C10-4EEAC4BBBB5D} = {2991261B-32BF-4715-85BB-45863DDC20D5}
	EndGlobalSection
	GlobalSection(ExtensibilityGlobals) = postSolution
		SolutionGuid = {46699BC2-09A0-4F81-9E1A-60E7108E0915}
	EndGlobalSection
EndGlobal
