
Microsoft Visual Studio Solution File, Format Version 12.00
# Visual Studio Version 16
VisualStudioVersion = 16.0.28711.60
MinimumVisualStudioVersion = 10.0.40219.1
Project("{FAE04EC0-301F-11D3-BF4B-00C04F79EFBC}") = "NodUpdater", "NodUpdater\NodUpdater.csproj", "{F97684FF-1E39-4C7A-B51C-A0175E70EAC4}"
EndProject
Project("{9A19103F-16F7-4668-BE54-9A1E7A4F7556}") = "Nup_ConsoleDownloadsFiles", "Nup_ConsoleDownloadsFiles\Nup_ConsoleDownloadsFiles.csproj", "{3664D737-670E-4901-BD20-7A5A382358EF}"
EndProject
Project("{9A19103F-16F7-4668-BE54-9A1E7A4F7556}") = "Lib_DownloadsFileFromUri", "Lib_DownloadsFileFromUri\Lib_DownloadsFileFromUri.csproj", "{A73235BE-9806-4A7A-A1DB-32B070121715}"
EndProject
Project("{FAE04EC0-301F-11D3-BF4B-00C04F79EFBC}") = "NodDownloadConsoleApp", "NodDownloadConsoleApp\NodDownloadConsoleApp.csproj", "{A51F71D2-DD78-4DAA-80DE-3D05DAA78CD1}"
EndProject
Global
	GlobalSection(SolutionConfigurationPlatforms) = preSolution
		Debug|Any CPU = Debug|Any CPU
		Release|Any CPU = Release|Any CPU
	EndGlobalSection
	GlobalSection(ProjectConfigurationPlatforms) = postSolution
		{F97684FF-1E39-4C7A-B51C-A0175E70EAC4}.Debug|Any CPU.ActiveCfg = Debug|Any CPU
		{F97684FF-1E39-4C7A-B51C-A0175E70EAC4}.Debug|Any CPU.Build.0 = Debug|Any CPU
		{F97684FF-1E39-4C7A-B51C-A0175E70EAC4}.Release|Any CPU.ActiveCfg = Release|Any CPU
		{F97684FF-1E39-4C7A-B51C-A0175E70EAC4}.Release|Any CPU.Build.0 = Release|Any CPU
		{3664D737-670E-4901-BD20-7A5A382358EF}.Debug|Any CPU.ActiveCfg = Debug|Any CPU
		{3664D737-670E-4901-BD20-7A5A382358EF}.Debug|Any CPU.Build.0 = Debug|Any CPU
		{3664D737-670E-4901-BD20-7A5A382358EF}.Release|Any CPU.ActiveCfg = Release|Any CPU
		{3664D737-670E-4901-BD20-7A5A382358EF}.Release|Any CPU.Build.0 = Release|Any CPU
		{A73235BE-9806-4A7A-A1DB-32B070121715}.Debug|Any CPU.ActiveCfg = Debug|Any CPU
		{A73235BE-9806-4A7A-A1DB-32B070121715}.Debug|Any CPU.Build.0 = Debug|Any CPU
		{A73235BE-9806-4A7A-A1DB-32B070121715}.Release|Any CPU.ActiveCfg = Release|Any CPU
		{A73235BE-9806-4A7A-A1DB-32B070121715}.Release|Any CPU.Build.0 = Release|Any CPU
		{A51F71D2-DD78-4DAA-80DE-3D05DAA78CD1}.Debug|Any CPU.ActiveCfg = Debug|Any CPU
		{A51F71D2-DD78-4DAA-80DE-3D05DAA78CD1}.Debug|Any CPU.Build.0 = Debug|Any CPU
		{A51F71D2-DD78-4DAA-80DE-3D05DAA78CD1}.Release|Any CPU.ActiveCfg = Release|Any CPU
		{A51F71D2-DD78-4DAA-80DE-3D05DAA78CD1}.Release|Any CPU.Build.0 = Release|Any CPU
	EndGlobalSection
	GlobalSection(SolutionProperties) = preSolution
		HideSolutionNode = FALSE
	EndGlobalSection
	GlobalSection(ExtensibilityGlobals) = postSolution
		SolutionGuid = {46699BC2-09A0-4F81-9E1A-60E7108E0915}
	EndGlobalSection
EndGlobal
